
Microsoft Visual Studio Solution File, Format Version 12.00
Project("{FAE04EC0-301F-11D3-BF4B-00C04F79EFBC}") = "Net7CRUD", "Net7CRUD\Net7CRUD.csproj", "{F948DE7F-1198-4751-89CD-7759CBFCA88E}"
EndProject
Global
	GlobalSection(SolutionConfigurationPlatforms) = preSolution
		Debug|Any CPU = Debug|Any CPU
		Release|Any CPU = Release|Any CPU
	EndGlobalSection
	GlobalSection(ProjectConfigurationPlatforms) = postSolution
		{F948DE7F-1198-4751-89CD-7759CBFCA88E}.Debug|Any CPU.ActiveCfg = Debug|Any CPU
		{F948DE7F-1198-4751-89CD-7759CBFCA88E}.Debug|Any CPU.Build.0 = Debug|Any CPU
		{F948DE7F-1198-4751-89CD-7759CBFCA88E}.Release|Any CPU.ActiveCfg = Release|Any CPU
		{F948DE7F-1198-4751-89CD-7759CBFCA88E}.Release|Any CPU.Build.0 = Release|Any CPU
	EndGlobalSection
EndGlobal
